// !$*UTF8*$!
{
	archiveVersion = 1;
	classes = {
	};
	objectVersion = 46;
	objects = {

/* Begin PBXBuildFile section */
		CBC7CCDC1DA45BFC002D5DAD /* KSDelegateForwarding.h in Headers */ = {isa = PBXBuildFile; fileRef = CBC7CCDB1DA45BFC002D5DAD /* KSDelegateForwarding.h */; settings = {ATTRIBUTES = (Public, ); }; };
		CBC7CCE31DA45BFC002D5DAD /* KSDelegateForwarding.framework in Frameworks */ = {isa = PBXBuildFile; fileRef = CBC7CCD81DA45BFC002D5DAD /* KSDelegateForwarding.framework */; };
		CBC7CCE81DA45BFC002D5DAD /* KSDelegateForwardingTests.m in Sources */ = {isa = PBXBuildFile; fileRef = CBC7CCE71DA45BFC002D5DAD /* KSDelegateForwardingTests.m */; };
		CBC7CD011DA86B85002D5DAD /* KSDelegateForwardingImpl.h in Headers */ = {isa = PBXBuildFile; fileRef = CBC7CD001DA86B85002D5DAD /* KSDelegateForwardingImpl.h */; };
/* End PBXBuildFile section */

/* Begin PBXContainerItemProxy section */
		CBC7CCE41DA45BFC002D5DAD /* PBXContainerItemProxy */ = {
			isa = PBXContainerItemProxy;
			containerPortal = CBC7CCCF1DA45BFC002D5DAD /* Project object */;
			proxyType = 1;
			remoteGlobalIDString = CBC7CCD71DA45BFC002D5DAD;
			remoteInfo = KSDelegateForwarding;
		};
/* End PBXContainerItemProxy section */

/* Begin PBXFileReference section */
		CBC7CCD81DA45BFC002D5DAD /* KSDelegateForwarding.framework */ = {isa = PBXFileReference; explicitFileType = wrapper.framework; includeInIndex = 0; path = KSDelegateForwarding.framework; sourceTree = BUILT_PRODUCTS_DIR; };
		CBC7CCDB1DA45BFC002D5DAD /* KSDelegateForwarding.h */ = {isa = PBXFileReference; lastKnownFileType = sourcecode.c.h; path = KSDelegateForwarding.h; sourceTree = "<group>"; };
		CBC7CCDD1DA45BFC002D5DAD /* Info.plist */ = {isa = PBXFileReference; lastKnownFileType = text.plist.xml; path = Info.plist; sourceTree = "<group>"; };
		CBC7CCE21DA45BFC002D5DAD /* KSDelegateForwardingTests.xctest */ = {isa = PBXFileReference; explicitFileType = wrapper.cfbundle; includeInIndex = 0; path = KSDelegateForwardingTests.xctest; sourceTree = BUILT_PRODUCTS_DIR; };
		CBC7CCE71DA45BFC002D5DAD /* KSDelegateForwardingTests.m */ = {isa = PBXFileReference; lastKnownFileType = sourcecode.c.objc; path = KSDelegateForwardingTests.m; sourceTree = "<group>"; };
		CBC7CCE91DA45BFC002D5DAD /* Info.plist */ = {isa = PBXFileReference; lastKnownFileType = text.plist.xml; path = Info.plist; sourceTree = "<group>"; };
		CBC7CD001DA86B85002D5DAD /* KSDelegateForwardingImpl.h */ = {isa = PBXFileReference; fileEncoding = 4; lastKnownFileType = sourcecode.c.h; path = KSDelegateForwardingImpl.h; sourceTree = "<group>"; };
		CBC7CD021DA86C8F002D5DAD /* KSDelegateForwardingTests.h */ = {isa = PBXFileReference; lastKnownFileType = sourcecode.c.h; path = KSDelegateForwardingTests.h; sourceTree = "<group>"; };
/* End PBXFileReference section */

/* Begin PBXFrameworksBuildPhase section */
		CBC7CCD41DA45BFC002D5DAD /* Frameworks */ = {
			isa = PBXFrameworksBuildPhase;
			buildActionMask = 2147483647;
			files = (
			);
			runOnlyForDeploymentPostprocessing = 0;
		};
		CBC7CCDF1DA45BFC002D5DAD /* Frameworks */ = {
			isa = PBXFrameworksBuildPhase;
			buildActionMask = 2147483647;
			files = (
				CBC7CCE31DA45BFC002D5DAD /* KSDelegateForwarding.framework in Frameworks */,
			);
			runOnlyForDeploymentPostprocessing = 0;
		};
/* End PBXFrameworksBuildPhase section */

/* Begin PBXGroup section */
		CBC7CCCE1DA45BFC002D5DAD = {
			isa = PBXGroup;
			children = (
				CBC7CCDA1DA45BFC002D5DAD /* KSDelegateForwarding */,
				CBC7CCE61DA45BFC002D5DAD /* KSDelegateForwardingTests */,
				CBC7CCD91DA45BFC002D5DAD /* Products */,
			);
			sourceTree = "<group>";
		};
		CBC7CCD91DA45BFC002D5DAD /* Products */ = {
			isa = PBXGroup;
			children = (
				CBC7CCD81DA45BFC002D5DAD /* KSDelegateForwarding.framework */,
				CBC7CCE21DA45BFC002D5DAD /* KSDelegateForwardingTests.xctest */,
			);
			name = Products;
			sourceTree = "<group>";
		};
		CBC7CCDA1DA45BFC002D5DAD /* KSDelegateForwarding */ = {
			isa = PBXGroup;
			children = (
				CBC7CCDB1DA45BFC002D5DAD /* KSDelegateForwarding.h */,
				CBC7CD001DA86B85002D5DAD /* KSDelegateForwardingImpl.h */,
				CBC7CCDD1DA45BFC002D5DAD /* Info.plist */,
			);
			path = KSDelegateForwarding;
			sourceTree = "<group>";
		};
		CBC7CCE61DA45BFC002D5DAD /* KSDelegateForwardingTests */ = {
			isa = PBXGroup;
			children = (
				CBC7CD021DA86C8F002D5DAD /* KSDelegateForwardingTests.h */,
				CBC7CCE71DA45BFC002D5DAD /* KSDelegateForwardingTests.m */,
				CBC7CCE91DA45BFC002D5DAD /* Info.plist */,
			);
			path = KSDelegateForwardingTests;
			sourceTree = "<group>";
		};
/* End PBXGroup section */

/* Begin PBXHeadersBuildPhase section */
		CBC7CCD51DA45BFC002D5DAD /* Headers */ = {
			isa = PBXHeadersBuildPhase;
			buildActionMask = 2147483647;
			files = (
				CBC7CD011DA86B85002D5DAD /* KSDelegateForwardingImpl.h in Headers */,
				CBC7CCDC1DA45BFC002D5DAD /* KSDelegateForwarding.h in Headers */,
			);
			runOnlyForDeploymentPostprocessing = 0;
		};
/* End PBXHeadersBuildPhase section */

/* Begin PBXNativeTarget section */
		CBC7CCD71DA45BFC002D5DAD /* KSDelegateForwarding */ = {
			isa = PBXNativeTarget;
			buildConfigurationList = CBC7CCEC1DA45BFC002D5DAD /* Build configuration list for PBXNativeTarget "KSDelegateForwarding" */;
			buildPhases = (
				CBC7CCD31DA45BFC002D5DAD /* Sources */,
				CBC7CCD41DA45BFC002D5DAD /* Frameworks */,
				CBC7CCD51DA45BFC002D5DAD /* Headers */,
				CBC7CCD61DA45BFC002D5DAD /* Resources */,
			);
			buildRules = (
			);
			dependencies = (
			);
			name = KSDelegateForwarding;
			productName = KSDelegateForwarding;
			productReference = CBC7CCD81DA45BFC002D5DAD /* KSDelegateForwarding.framework */;
			productType = "com.apple.product-type.framework";
		};
		CBC7CCE11DA45BFC002D5DAD /* KSDelegateForwardingTests */ = {
			isa = PBXNativeTarget;
			buildConfigurationList = CBC7CCEF1DA45BFC002D5DAD /* Build configuration list for PBXNativeTarget "KSDelegateForwardingTests" */;
			buildPhases = (
				CBC7CCDE1DA45BFC002D5DAD /* Sources */,
				CBC7CCDF1DA45BFC002D5DAD /* Frameworks */,
				CBC7CCE01DA45BFC002D5DAD /* Resources */,
			);
			buildRules = (
			);
			dependencies = (
				CBC7CCE51DA45BFC002D5DAD /* PBXTargetDependency */,
			);
			name = KSDelegateForwardingTests;
			productName = KSDelegateForwardingTests;
			productReference = CBC7CCE21DA45BFC002D5DAD /* KSDelegateForwardingTests.xctest */;
			productType = "com.apple.product-type.bundle.unit-test";
		};
/* End PBXNativeTarget section */

/* Begin PBXProject section */
		CBC7CCCF1DA45BFC002D5DAD /* Project object */ = {
			isa = PBXProject;
			attributes = {
				LastUpgradeCheck = 0730;
				ORGANIZATIONNAME = "Karl Stenerud";
				TargetAttributes = {
					CBC7CCD71DA45BFC002D5DAD = {
						CreatedOnToolsVersion = 7.3.1;
					};
					CBC7CCE11DA45BFC002D5DAD = {
						CreatedOnToolsVersion = 7.3.1;
					};
				};
			};
			buildConfigurationList = CBC7CCD21DA45BFC002D5DAD /* Build configuration list for PBXProject "KSDelegateForwarding" */;
			compatibilityVersion = "Xcode 3.2";
			developmentRegion = English;
			hasScannedForEncodings = 0;
			knownRegions = (
				en,
			);
			mainGroup = CBC7CCCE1DA45BFC002D5DAD;
			productRefGroup = CBC7CCD91DA45BFC002D5DAD /* Products */;
			projectDirPath = "";
			projectRoot = "";
			targets = (
				CBC7CCD71DA45BFC002D5DAD /* KSDelegateForwarding */,
				CBC7CCE11DA45BFC002D5DAD /* KSDelegateForwardingTests */,
			);
		};
/* End PBXProject section */

/* Begin PBXResourcesBuildPhase section */
		CBC7CCD61DA45BFC002D5DAD /* Resources */ = {
			isa = PBXResourcesBuildPhase;
			buildActionMask = 2147483647;
			files = (
			);
			runOnlyForDeploymentPostprocessing = 0;
		};
		CBC7CCE01DA45BFC002D5DAD /* Resources */ = {
			isa = PBXResourcesBuildPhase;
			buildActionMask = 2147483647;
			files = (
			);
			runOnlyForDeploymentPostprocessing = 0;
		};
/* End PBXResourcesBuildPhase section */

/* Begin PBXSourcesBuildPhase section */
		CBC7CCD31DA45BFC002D5DAD /* Sources */ = {
			isa = PBXSourcesBuildPhase;
			buildActionMask = 2147483647;
			files = (
			);
			runOnlyForDeploymentPostprocessing = 0;
		};
		CBC7CCDE1DA45BFC002D5DAD /* Sources */ = {
			isa = PBXSourcesBuildPhase;
			buildActionMask = 2147483647;
			files = (
				CBC7CCE81DA45BFC002D5DAD /* KSDelegateForwardingTests.m in Sources */,
			);
			runOnlyForDeploymentPostprocessing = 0;
		};
/* End PBXSourcesBuildPhase section */

/* Begin PBXTargetDependency section */
		CBC7CCE51DA45BFC002D5DAD /* PBXTargetDependency */ = {
			isa = PBXTargetDependency;
			target = CBC7CCD71DA45BFC002D5DAD /* KSDelegateForwarding */;
			targetProxy = CBC7CCE41DA45BFC002D5DAD /* PBXContainerItemProxy */;
		};
/* End PBXTargetDependency section */

/* Begin XCBuildConfiguration section */
		CBC7CCEA1DA45BFC002D5DAD /* Debug */ = {
			isa = XCBuildConfiguration;
			buildSettings = {
				ALWAYS_SEARCH_USER_PATHS = NO;
				CLANG_ANALYZER_NONNULL = YES;
				CLANG_CXX_LANGUAGE_STANDARD = "gnu++0x";
				CLANG_CXX_LIBRARY = "libc++";
				CLANG_ENABLE_MODULES = YES;
				CLANG_ENABLE_OBJC_ARC = YES;
				CLANG_WARN_BOOL_CONVERSION = YES;
				CLANG_WARN_CONSTANT_CONVERSION = YES;
				CLANG_WARN_DIRECT_OBJC_ISA_USAGE = YES_ERROR;
				CLANG_WARN_EMPTY_BODY = YES;
				CLANG_WARN_ENUM_CONVERSION = YES;
				CLANG_WARN_INT_CONVERSION = YES;
				CLANG_WARN_OBJC_ROOT_CLASS = YES_ERROR;
				CLANG_WARN_UNREACHABLE_CODE = YES;
				CLANG_WARN__DUPLICATE_METHOD_MATCH = YES;
				"CODE_SIGN_IDENTITY[sdk=iphoneos*]" = "iPhone Developer";
				COPY_PHASE_STRIP = NO;
				CURRENT_PROJECT_VERSION = 1;
				DEBUG_INFORMATION_FORMAT = dwarf;
				ENABLE_STRICT_OBJC_MSGSEND = YES;
				ENABLE_TESTABILITY = YES;
				GCC_C_LANGUAGE_STANDARD = gnu99;
				GCC_DYNAMIC_NO_PIC = NO;
				GCC_NO_COMMON_BLOCKS = YES;
				GCC_OPTIMIZATION_LEVEL = 0;
				GCC_PREPROCESSOR_DEFINITIONS = (
					"DEBUG=1",
					"$(inherited)",
				);
				GCC_WARN_64_TO_32_BIT_CONVERSION = YES;
				GCC_WARN_ABOUT_RETURN_TYPE = YES_ERROR;
				GCC_WARN_UNDECLARED_SELECTOR = YES;
				GCC_WARN_UNINITIALIZED_AUTOS = YES_AGGRESSIVE;
				GCC_WARN_UNUSED_FUNCTION = YES;
				GCC_WARN_UNUSED_VARIABLE = YES;
				IPHONEOS_DEPLOYMENT_TARGET = 9.3;
				MTL_ENABLE_DEBUG_INFO = YES;
				ONLY_ACTIVE_ARCH = YES;
				SDKROOT = iphoneos;
				TARGETED_DEVICE_FAMILY = "1,2";
				VERSIONING_SYSTEM = "apple-generic";
				VERSION_INFO_PREFIX = "";
			};
			name = Debug;
		};
		CBC7CCEB1DA45BFC002D5DAD /* Release */ = {
			isa = XCBuildConfiguration;
			buildSettings = {
				ALWAYS_SEARCH_USER_PATHS = NO;
				CLANG_ANALYZER_NONNULL = YES;
				CLANG_CXX_LANGUAGE_STANDARD = "gnu++0x";
				CLANG_CXX_LIBRARY = "libc++";
				CLANG_ENABLE_MODULES = YES;
				CLANG_ENABLE_OBJC_ARC = YES;
				CLANG_WARN_BOOL_CONVERSION = YES;
				CLANG_WARN_CONSTANT_CONVERSION = YES;
				CLANG_WARN_DIRECT_OBJC_ISA_USAGE = YES_ERROR;
				CLANG_WARN_EMPTY_BODY = YES;
				CLANG_WARN_ENUM_CONVERSION = YES;
				CLANG_WARN_INT_CONVERSION = YES;
				CLANG_WARN_OBJC_ROOT_CLASS = YES_ERROR;
				CLANG_WARN_UNREACHABLE_CODE = YES;
				CLANG_WARN__DUPLICATE_METHOD_MATCH = YES;
				"CODE_SIGN_IDENTITY[sdk=iphoneos*]" = "iPhone Developer";
				COPY_PHASE_STRIP = NO;
				CURRENT_PROJECT_VERSION = 1;
				DEBUG_INFORMATION_FORMAT = "dwarf-with-dsym";
				ENABLE_NS_ASSERTIONS = NO;
				ENABLE_STRICT_OBJC_MSGSEND = YES;
				GCC_C_LANGUAGE_STANDARD = gnu99;
				GCC_NO_COMMON_BLOCKS = YES;
				GCC_WARN_64_TO_32_BIT_CONVERSION = YES;
				GCC_WARN_ABOUT_RETURN_TYPE = YES_ERROR;
				GCC_WARN_UNDECLARED_SELECTOR = YES;
				GCC_WARN_UNINITIALIZED_AUTOS = YES_AGGRESSIVE;
				GCC_WARN_UNUSED_FUNCTION = YES;
				GCC_WARN_UNUSED_VARIABLE = YES;
				IPHONEOS_DEPLOYMENT_TARGET = 9.3;
				MTL_ENABLE_DEBUG_INFO = NO;
				SDKROOT = iphoneos;
				TARGETED_DEVICE_FAMILY = "1,2";
				VALIDATE_PRODUCT = YES;
				VERSIONING_SYSTEM = "apple-generic";
				VERSION_INFO_PREFIX = "";
			};
			name = Release;
		};
		CBC7CCED1DA45BFC002D5DAD /* Debug */ = {
			isa = XCBuildConfiguration;
			buildSettings = {
				DEFINES_MODULE = YES;
				DYLIB_COMPATIBILITY_VERSION = 1;
				DYLIB_CURRENT_VERSION = 1;
				DYLIB_INSTALL_NAME_BASE = "@rpath";
				INFOPLIST_FILE = KSDelegateForwarding/Info.plist;
				INSTALL_PATH = "$(LOCAL_LIBRARY_DIR)/Frameworks";
				LD_RUNPATH_SEARCH_PATHS = "$(inherited) @executable_path/Frameworks @loader_path/Frameworks";
				PRODUCT_BUNDLE_IDENTIFIER = org.stenerud.delegateforwarding.KSDelegateForwarding;
				PRODUCT_NAME = "$(TARGET_NAME)";
				SKIP_INSTALL = YES;
			};
			name = Debug;
		};
		CBC7CCEE1DA45BFC002D5DAD /* Release */ = {
			isa = XCBuildConfiguration;
			buildSettings = {
				DEFINES_MODULE = YES;
				DYLIB_COMPATIBILITY_VERSION = 1;
				DYLIB_CURRENT_VERSION = 1;
				DYLIB_INSTALL_NAME_BASE = "@rpath";
				INFOPLIST_FILE = KSDelegateForwarding/Info.plist;
				INSTALL_PATH = "$(LOCAL_LIBRARY_DIR)/Frameworks";
				LD_RUNPATH_SEARCH_PATHS = "$(inherited) @executable_path/Frameworks @loader_path/Frameworks";
				PRODUCT_BUNDLE_IDENTIFIER = org.stenerud.delegateforwarding.KSDelegateForwarding;
				PRODUCT_NAME = "$(TARGET_NAME)";
				SKIP_INSTALL = YES;
			};
			name = Release;
		};
		CBC7CCF01DA45BFC002D5DAD /* Debug */ = {
			isa = XCBuildConfiguration;
			buildSettings = {
				INFOPLIST_FILE = KSDelegateForwardingTests/Info.plist;
				LD_RUNPATH_SEARCH_PATHS = "$(inherited) @executable_path/Frameworks @loader_path/Frameworks";
				PRODUCT_BUNDLE_IDENTIFIER = org.stenerud.delegateforwarding.KSDelegateForwardingTests;
				PRODUCT_NAME = "$(TARGET_NAME)";
			};
			name = Debug;
		};
		CBC7CCF11DA45BFC002D5DAD /* Release */ = {
			isa = XCBuildConfiguration;
			buildSettings = {
				INFOPLIST_FILE = KSDelegateForwardingTests/Info.plist;
				LD_RUNPATH_SEARCH_PATHS = "$(inherited) @executable_path/Frameworks @loader_path/Frameworks";
				PRODUCT_BUNDLE_IDENTIFIER = org.stenerud.delegateforwarding.KSDelegateForwardingTests;
				PRODUCT_NAME = "$(TARGET_NAME)";
			};
			name = Release;
		};
/* End XCBuildConfiguration section */

/* Begin XCConfigurationList section */
		CBC7CCD21DA45BFC002D5DAD /* Build configuration list for PBXProject "KSDelegateForwarding" */ = {
			isa = XCConfigurationList;
			buildConfigurations = (
				CBC7CCEA1DA45BFC002D5DAD /* Debug */,
				CBC7CCEB1DA45BFC002D5DAD /* Release */,
			);
			defaultConfigurationIsVisible = 0;
			defaultConfigurationName = Release;
		};
		CBC7CCEC1DA45BFC002D5DAD /* Build configuration list for PBXNativeTarget "KSDelegateForwarding" */ = {
			isa = XCConfigurationList;
			buildConfigurations = (
				CBC7CCED1DA45BFC002D5DAD /* Debug */,
				CBC7CCEE1DA45BFC002D5DAD /* Release */,
			);
			defaultConfigurationIsVisible = 0;
			defaultConfigurationName = Release;
		};
		CBC7CCEF1DA45BFC002D5DAD /* Build configuration list for PBXNativeTarget "KSDelegateForwardingTests" */ = {
			isa = XCConfigurationList;
			buildConfigurations = (
				CBC7CCF01DA45BFC002D5DAD /* Debug */,
				CBC7CCF11DA45BFC002D5DAD /* Release */,
			);
			defaultConfigurationIsVisible = 0;
			defaultConfigurationName = Release;
		};
/* End XCConfigurationList section */
	};
	rootObject = CBC7CCCF1DA45BFC002D5DAD /* Project object */;
}
